
Microsoft Visual Studio Solution File, Format Version 12.00
# Visual Studio 15
VisualStudioVersion = 15.0.28010.2016
MinimumVisualStudioVersion = 10.0.40219.1
Project("{FAE04EC0-301F-11D3-BF4B-00C04F79EFBC}") = "SimpleIoC", "SimpleIoC.csproj", "{E866E8EC-8EE6-4029-8024-A832C3E5680D}"
EndProject
Project("{FAE04EC0-301F-11D3-BF4B-00C04F79EFBC}") = "SimpleIoCNinject", "..\SimpleIoCNinject\SimpleIoCNinject.csproj", "{AAA3FA07-F512-4324-970D-09A53E4E6845}"
EndProject
Global
	GlobalSection(SolutionConfigurationPlatforms) = preSolution
		Debug|Any CPU = Debug|Any CPU
		Release|Any CPU = Release|Any CPU
	EndGlobalSection
	GlobalSection(ProjectConfigurationPlatforms) = postSolution
		{E866E8EC-8EE6-4029-8024-A832C3E5680D}.Debug|Any CPU.ActiveCfg = Debug|Any CPU
		{E866E8EC-8EE6-4029-8024-A832C3E5680D}.Debug|Any CPU.Build.0 = Debug|Any CPU
		{E866E8EC-8EE6-4029-8024-A832C3E5680D}.Release|Any CPU.ActiveCfg = Release|Any CPU
		{E866E8EC-8EE6-4029-8024-A832C3E5680D}.Release|Any CPU.Build.0 = Release|Any CPU
		{AAA3FA07-F512-4324-970D-09A53E4E6845}.Debug|Any CPU.ActiveCfg = Debug|Any CPU
		{AAA3FA07-F512-4324-970D-09A53E4E6845}.Debug|Any CPU.Build.0 = Debug|Any CPU
		{AAA3FA07-F512-4324-970D-09A53E4E6845}.Release|Any CPU.ActiveCfg = Release|Any CPU
		{AAA3FA07-F512-4324-970D-09A53E4E6845}.Release|Any CPU.Build.0 = Release|Any CPU
	EndGlobalSection
	GlobalSection(SolutionProperties) = preSolution
		HideSolutionNode = FALSE
	EndGlobalSection
	GlobalSection(ExtensibilityGlobals) = postSolution
		SolutionGuid = {DE84430B-CA6A-414A-B2F3-A87DA283C177}
	EndGlobalSection
EndGlobal
